
Microsoft Visual Studio Solution File, Format Version 12.00
# Visual Studio Version 17
VisualStudioVersion = 17.5.002.0
MinimumVisualStudioVersion = 10.0.40219.1
Project("{9A19103F-16F7-4668-BE54-9A1E7A4F7556}") = "Haulage", "Haulage.csproj", "{18F1832D-55A8-4511-80A3-E583D4D69344}"
EndProject
Global
	GlobalSection(SolutionConfigurationPlatforms) = preSolution
		Debug|Any CPU = Debug|Any CPU
		Release|Any CPU = Release|Any CPU
	EndGlobalSection
	GlobalSection(ProjectConfigurationPlatforms) = postSolution
		{18F1832D-55A8-4511-80A3-E583D4D69344}.Debug|Any CPU.ActiveCfg = Debug|Any CPU
		{18F1832D-55A8-4511-80A3-E583D4D69344}.Debug|Any CPU.Build.0 = Debug|Any CPU
		{18F1832D-55A8-4511-80A3-E583D4D69344}.Release|Any CPU.ActiveCfg = Release|Any CPU
		{18F1832D-55A8-4511-80A3-E583D4D69344}.Release|Any CPU.Build.0 = Release|Any CPU
	EndGlobalSection
	GlobalSection(SolutionProperties) = preSolution
		HideSolutionNode = FALSE
	EndGlobalSection
	GlobalSection(ExtensibilityGlobals) = postSolution
		SolutionGuid = {4A447A37-8106-4C3E-AC28-6325063B8853}
	EndGlobalSection
EndGlobal
